
Microsoft Visual Studio Solution File, Format Version 12.00
# Visual Studio Version 16
VisualStudioVersion = 16.0.31410.357
MinimumVisualStudioVersion = 10.0.40219.1
Project("{FAE04EC0-301F-11D3-BF4B-00C04F79EFBC}") = "loader", "loader\loader.csproj", "{AE4BE274-BB3E-43B5-9BAE-BBAECF7E825F}"
EndProject
Global
	GlobalSection(SolutionConfigurationPlatforms) = preSolution
		Debug|Any CPU = Debug|Any CPU
		Release|Any CPU = Release|Any CPU
	EndGlobalSection
	GlobalSection(ProjectConfigurationPlatforms) = postSolution
		{AE4BE274-BB3E-43B5-9BAE-BBAECF7E825F}.Debug|Any CPU.ActiveCfg = Debug|Any CPU
		{AE4BE274-BB3E-43B5-9BAE-BBAECF7E825F}.Debug|Any CPU.Build.0 = Debug|Any CPU
		{AE4BE274-BB3E-43B5-9BAE-BBAECF7E825F}.Release|Any CPU.ActiveCfg = Release|Any CPU
		{AE4BE274-BB3E-43B5-9BAE-BBAECF7E825F}.Release|Any CPU.Build.0 = Release|Any CPU
	EndGlobalSection
	GlobalSection(SolutionProperties) = preSolution
		HideSolutionNode = FALSE
	EndGlobalSection
	GlobalSection(ExtensibilityGlobals) = postSolution
		SolutionGuid = {4B71E1CB-E874-43E1-B437-C9B5A55CCA8E}
	EndGlobalSection
EndGlobal
